{
  "nodes": {
    "nixpkgs": {
      "locked": {
        "lastModified": 1627118308,
        "narHash": "sha256-A0adPRLLB/S6MZA6TIOsQYTF5fxPzCk+UyutpOGXaqc=",
        "owner": "NixOS",
        "repo": "nixpkgs",
        "rev": "97087745820218d37afb6360eebdc6063a21d93a",
        "type": "github"
      },
      "original": {
        "owner": "NixOS",
        "ref": "nixpkgs-unstable",
        "repo": "nixpkgs",
        "type": "github"
      }
    },
    "root": {
      "inputs": {
        "nixpkgs": "nixpkgs"
      }
    }
  },
  "root": "root",
  "version": 7
}
